
Microsoft Visual Studio Solution File, Format Version 12.00
# Visual Studio Version 17
VisualStudioVersion = 17.4.33110.190
MinimumVisualStudioVersion = 10.0.40219.1
Project("{9A19103F-16F7-4668-BE54-9A1E7A4F7556}") = "UniShots.AssetManager.Api", "AssetManager.Api\UniShots.AssetManager.Api.csproj", "{7C4D26AC-DC90-449D-B296-FF90C582019E}"
EndProject
Project("{9A19103F-16F7-4668-BE54-9A1E7A4F7556}") = "UniShots.AssetManager.Domain", "AssetManager.Domain\UniShots.AssetManager.Domain.csproj", "{9A0434BA-5F04-4984-8FB6-7216001E86D5}"
EndProject
Project("{9A19103F-16F7-4668-BE54-9A1E7A4F7556}") = "UniShots.AssetManager.Infrastructure", "AssetManager.Infrastructure\UniShots.AssetManager.Infrastructure.csproj", "{47733A99-DEB4-480B-A71E-4E8CC46958ED}"
EndProject
Project("{9A19103F-16F7-4668-BE54-9A1E7A4F7556}") = "UniShots.AssetManager.Application", "AssetManager.Application\UniShots.AssetManager.Application.csproj", "{0410703F-7A87-4064-BA71-FB2DE4419957}"
EndProject
Project("{2150E333-8FDC-42A3-9474-1A3956D46DE8}") = "UniShots.AssetManager.Shared", "UniShots.AssetManager.Shared", "{29D1585B-0E19-4FD5-B000-89820C34B2D1}"
EndProject
Project("{9A19103F-16F7-4668-BE54-9A1E7A4F7556}") = "UniShots.AssetManager.Shared", "AssetManager.Shared\UniShots.AssetManager.Shared.csproj", "{D58B7E8A-AC85-4D3F-AF5C-4CE21221F8FD}"
EndProject
Project("{2150E333-8FDC-42A3-9474-1A3956D46DE8}") = "Identity", "Identity", "{8A6B2A06-49E9-4708-9B28-E2C4BB74FF50}"
EndProject
Project("{9A19103F-16F7-4668-BE54-9A1E7A4F7556}") = "UniShots.AssetManager.Identity", "AssetManager.Identity\UniShots.AssetManager.Identity.csproj", "{AEAA477F-308B-4F4E-843D-13D2AADF7A83}"
EndProject
Project("{2150E333-8FDC-42A3-9474-1A3956D46DE8}") = "AssetManager", "AssetManager", "{11736C08-D6C2-4A21-9EAB-CE7664DE1E7C}"
EndProject
Project("{2150E333-8FDC-42A3-9474-1A3956D46DE8}") = "Web", "Web", "{B00B32A5-FC95-4097-8394-F9EFC7F0BAE3}"
EndProject
Project("{2150E333-8FDC-42A3-9474-1A3956D46DE8}") = "Modules", "Modules", "{C79A3E92-7D53-4357-872C-A0C21749C8EF}"
EndProject
Project("{2150E333-8FDC-42A3-9474-1A3956D46DE8}") = "ConsoleAdmin", "ConsoleAdmin", "{1B6CE7B0-959A-49D8-BBE7-55A3CD652F2D}"
EndProject
Global
	GlobalSection(SolutionConfigurationPlatforms) = preSolution
		Debug|Any CPU = Debug|Any CPU
		Release|Any CPU = Release|Any CPU
	EndGlobalSection
	GlobalSection(ProjectConfigurationPlatforms) = postSolution
		{7C4D26AC-DC90-449D-B296-FF90C582019E}.Debug|Any CPU.ActiveCfg = Debug|Any CPU
		{7C4D26AC-DC90-449D-B296-FF90C582019E}.Debug|Any CPU.Build.0 = Debug|Any CPU
		{7C4D26AC-DC90-449D-B296-FF90C582019E}.Release|Any CPU.ActiveCfg = Release|Any CPU
		{7C4D26AC-DC90-449D-B296-FF90C582019E}.Release|Any CPU.Build.0 = Release|Any CPU
		{9A0434BA-5F04-4984-8FB6-7216001E86D5}.Debug|Any CPU.ActiveCfg = Debug|Any CPU
		{9A0434BA-5F04-4984-8FB6-7216001E86D5}.Debug|Any CPU.Build.0 = Debug|Any CPU
		{9A0434BA-5F04-4984-8FB6-7216001E86D5}.Release|Any CPU.ActiveCfg = Release|Any CPU
		{9A0434BA-5F04-4984-8FB6-7216001E86D5}.Release|Any CPU.Build.0 = Release|Any CPU
		{47733A99-DEB4-480B-A71E-4E8CC46958ED}.Debug|Any CPU.ActiveCfg = Debug|Any CPU
		{47733A99-DEB4-480B-A71E-4E8CC46958ED}.Debug|Any CPU.Build.0 = Debug|Any CPU
		{47733A99-DEB4-480B-A71E-4E8CC46958ED}.Release|Any CPU.ActiveCfg = Release|Any CPU
		{47733A99-DEB4-480B-A71E-4E8CC46958ED}.Release|Any CPU.Build.0 = Release|Any CPU
		{0410703F-7A87-4064-BA71-FB2DE4419957}.Debug|Any CPU.ActiveCfg = Debug|Any CPU
		{0410703F-7A87-4064-BA71-FB2DE4419957}.Debug|Any CPU.Build.0 = Debug|Any CPU
		{0410703F-7A87-4064-BA71-FB2DE4419957}.Release|Any CPU.ActiveCfg = Release|Any CPU
		{0410703F-7A87-4064-BA71-FB2DE4419957}.Release|Any CPU.Build.0 = Release|Any CPU
		{D58B7E8A-AC85-4D3F-AF5C-4CE21221F8FD}.Debug|Any CPU.ActiveCfg = Debug|Any CPU
		{D58B7E8A-AC85-4D3F-AF5C-4CE21221F8FD}.Debug|Any CPU.Build.0 = Debug|Any CPU
		{D58B7E8A-AC85-4D3F-AF5C-4CE21221F8FD}.Release|Any CPU.ActiveCfg = Release|Any CPU
		{D58B7E8A-AC85-4D3F-AF5C-4CE21221F8FD}.Release|Any CPU.Build.0 = Release|Any CPU
		{AEAA477F-308B-4F4E-843D-13D2AADF7A83}.Debug|Any CPU.ActiveCfg = Debug|Any CPU
		{AEAA477F-308B-4F4E-843D-13D2AADF7A83}.Debug|Any CPU.Build.0 = Debug|Any CPU
		{AEAA477F-308B-4F4E-843D-13D2AADF7A83}.Release|Any CPU.ActiveCfg = Release|Any CPU
		{AEAA477F-308B-4F4E-843D-13D2AADF7A83}.Release|Any CPU.Build.0 = Release|Any CPU
	EndGlobalSection
	GlobalSection(SolutionProperties) = preSolution
		HideSolutionNode = FALSE
	EndGlobalSection
	GlobalSection(NestedProjects) = preSolution
		{7C4D26AC-DC90-449D-B296-FF90C582019E} = {11736C08-D6C2-4A21-9EAB-CE7664DE1E7C}
		{9A0434BA-5F04-4984-8FB6-7216001E86D5} = {11736C08-D6C2-4A21-9EAB-CE7664DE1E7C}
		{47733A99-DEB4-480B-A71E-4E8CC46958ED} = {11736C08-D6C2-4A21-9EAB-CE7664DE1E7C}
		{0410703F-7A87-4064-BA71-FB2DE4419957} = {11736C08-D6C2-4A21-9EAB-CE7664DE1E7C}
		{29D1585B-0E19-4FD5-B000-89820C34B2D1} = {11736C08-D6C2-4A21-9EAB-CE7664DE1E7C}
		{D58B7E8A-AC85-4D3F-AF5C-4CE21221F8FD} = {29D1585B-0E19-4FD5-B000-89820C34B2D1}
		{8A6B2A06-49E9-4708-9B28-E2C4BB74FF50} = {11736C08-D6C2-4A21-9EAB-CE7664DE1E7C}
		{AEAA477F-308B-4F4E-843D-13D2AADF7A83} = {8A6B2A06-49E9-4708-9B28-E2C4BB74FF50}
		{C79A3E92-7D53-4357-872C-A0C21749C8EF} = {B00B32A5-FC95-4097-8394-F9EFC7F0BAE3}
		{1B6CE7B0-959A-49D8-BBE7-55A3CD652F2D} = {C79A3E92-7D53-4357-872C-A0C21749C8EF}
	EndGlobalSection
	GlobalSection(ExtensibilityGlobals) = postSolution
		SolutionGuid = {78FD406A-E850-41AA-B801-1DB238E8A0B0}
	EndGlobalSection
EndGlobal
